
Microsoft Visual Studio Solution File, Format Version 12.00
# Visual Studio Version 17
VisualStudioVersion = 17.0.31903.59
MinimumVisualStudioVersion = 10.0.40219.1
Project("{2150E333-8FDC-42A3-9474-1A3956D46DE8}") = "src", "src", "{472F4699-63A0-4F77-BB76-54DE9453FE55}"
EndProject
Project("{2150E333-8FDC-42A3-9474-1A3956D46DE8}") = "NArchitecture.Starter", "NArchitecture.Starter", "{D156C521-7333-46D2-B0EF-D7FDC6080AC4}"
EndProject
Project("{2150E333-8FDC-42A3-9474-1A3956D46DE8}") = "Core", "Core", "{0F069050-6616-41F5-B32F-7CA7047BAB8F}"
EndProject
Project("{FAE04EC0-301F-11D3-BF4B-00C04F79EFBC}") = "NArchitecture.Starter.Domain", "src\NArchitecture.Starter\Core\Domain\NArchitecture.Starter.Domain.csproj", "{024A665E-793D-4C57-BF38-460DFBD48994}"
EndProject
Project("{FAE04EC0-301F-11D3-BF4B-00C04F79EFBC}") = "NArchitecture.Starter.Application", "src\NArchitecture.Starter\Core\Application\NArchitecture.Starter.Application.csproj", "{EF21397B-DAFE-4744-9946-17B8DFB31A1D}"
EndProject
Project("{2150E333-8FDC-42A3-9474-1A3956D46DE8}") = "Infrastructure", "Infrastructure", "{E53ED0A1-13CE-423B-8692-88976365A36A}"
EndProject
Project("{FAE04EC0-301F-11D3-BF4B-00C04F79EFBC}") = "NArchitecture.Starter.Persistence", "src\NArchitecture.Starter\Infrastructure\Persistence\NArchitecture.Starter.Persistence.csproj", "{219F98E6-C07D-4724-9F8C-2E7D9D0714CE}"
EndProject
Project("{2150E333-8FDC-42A3-9474-1A3956D46DE8}") = "Presentation", "Presentation", "{C4C43A8F-EFD1-45F4-AB72-A4B134EF8834}"
EndProject
Project("{FAE04EC0-301F-11D3-BF4B-00C04F79EFBC}") = "NArchitecture.Starter.WebApi", "src\NArchitecture.Starter\Presentation\WebApi\NArchitecture.Starter.WebApi.csproj", "{AE513295-B053-4AF4-9E25-ABFF845FCEF9}"
EndProject
Project("{2150E333-8FDC-42A3-9474-1A3956D46DE8}") = "tests", "tests", "{105DBB92-CED7-44FC-8C41-601E333F85FA}"
EndProject
Project("{2150E333-8FDC-42A3-9474-1A3956D46DE8}") = "NArchitecture.Starter", "NArchitecture.Starter", "{D5FD95B3-DD83-4521-9EB1-241913470D58}"
EndProject
Project("{2150E333-8FDC-42A3-9474-1A3956D46DE8}") = "Core", "Core", "{4063D72D-DBF2-4A53-B144-96905AAAA091}"
EndProject
Project("{FAE04EC0-301F-11D3-BF4B-00C04F79EFBC}") = "NArchitecture.Starter.Domain.Tests", "tests\NArchitecture.Starter\Core\Domain.Tests\NArchitecture.Starter.Domain.Tests.csproj", "{8B2A139F-5C22-4634-81CE-468759F9070E}"
EndProject
Project("{FAE04EC0-301F-11D3-BF4B-00C04F79EFBC}") = "NArchitecture.Starter.Application.Tests", "tests\NArchitecture.Starter\Core\Application.Tests\NArchitecture.Starter.Application.Tests.csproj", "{522CD426-48EF-403D-8C4D-341546537E42}"
EndProject
Project("{2150E333-8FDC-42A3-9474-1A3956D46DE8}") = "Infrastructure", "Infrastructure", "{EE835F67-D78A-4156-9533-277DE5062870}"
EndProject
Project("{FAE04EC0-301F-11D3-BF4B-00C04F79EFBC}") = "NArchitecture.Starter.Persistence.Tests", "tests\NArchitecture.Starter\Infrastructure\Persistence.Tests\NArchitecture.Starter.Persistence.Tests.csproj", "{6A6A95D9-00C4-431E-9E78-FFC47F141CC3}"
EndProject
Project("{2150E333-8FDC-42A3-9474-1A3956D46DE8}") = "Presentation", "Presentation", "{D7BEDDBE-056B-4685-AD82-F96AB7381A64}"
EndProject
Project("{FAE04EC0-301F-11D3-BF4B-00C04F79EFBC}") = "NArchitecture.Starter.WebApi.Tests", "tests\NArchitecture.Starter\Presentation\WebApi.Tests\NArchitecture.Starter.WebApi.Tests.csproj", "{1FD6ED61-6C95-4B88-98A4-EDB143945026}"
EndProject
Global
	GlobalSection(SolutionConfigurationPlatforms) = preSolution
		Debug|Any CPU = Debug|Any CPU
		Release|Any CPU = Release|Any CPU
	EndGlobalSection
	GlobalSection(SolutionProperties) = preSolution
		HideSolutionNode = FALSE
	EndGlobalSection
	GlobalSection(ProjectConfigurationPlatforms) = postSolution
		{024A665E-793D-4C57-BF38-460DFBD48994}.Debug|Any CPU.ActiveCfg = Debug|Any CPU
		{024A665E-793D-4C57-BF38-460DFBD48994}.Debug|Any CPU.Build.0 = Debug|Any CPU
		{024A665E-793D-4C57-BF38-460DFBD48994}.Release|Any CPU.ActiveCfg = Release|Any CPU
		{024A665E-793D-4C57-BF38-460DFBD48994}.Release|Any CPU.Build.0 = Release|Any CPU
		{EF21397B-DAFE-4744-9946-17B8DFB31A1D}.Debug|Any CPU.ActiveCfg = Debug|Any CPU
		{EF21397B-DAFE-4744-9946-17B8DFB31A1D}.Debug|Any CPU.Build.0 = Debug|Any CPU
		{EF21397B-DAFE-4744-9946-17B8DFB31A1D}.Release|Any CPU.ActiveCfg = Release|Any CPU
		{EF21397B-DAFE-4744-9946-17B8DFB31A1D}.Release|Any CPU.Build.0 = Release|Any CPU
		{219F98E6-C07D-4724-9F8C-2E7D9D0714CE}.Debug|Any CPU.ActiveCfg = Debug|Any CPU
		{219F98E6-C07D-4724-9F8C-2E7D9D0714CE}.Debug|Any CPU.Build.0 = Debug|Any CPU
		{219F98E6-C07D-4724-9F8C-2E7D9D0714CE}.Release|Any CPU.ActiveCfg = Release|Any CPU
		{219F98E6-C07D-4724-9F8C-2E7D9D0714CE}.Release|Any CPU.Build.0 = Release|Any CPU
		{AE513295-B053-4AF4-9E25-ABFF845FCEF9}.Debug|Any CPU.ActiveCfg = Debug|Any CPU
		{AE513295-B053-4AF4-9E25-ABFF845FCEF9}.Debug|Any CPU.Build.0 = Debug|Any CPU
		{AE513295-B053-4AF4-9E25-ABFF845FCEF9}.Release|Any CPU.ActiveCfg = Release|Any CPU
		{AE513295-B053-4AF4-9E25-ABFF845FCEF9}.Release|Any CPU.Build.0 = Release|Any CPU
		{8B2A139F-5C22-4634-81CE-468759F9070E}.Debug|Any CPU.ActiveCfg = Debug|Any CPU
		{8B2A139F-5C22-4634-81CE-468759F9070E}.Debug|Any CPU.Build.0 = Debug|Any CPU
		{8B2A139F-5C22-4634-81CE-468759F9070E}.Release|Any CPU.ActiveCfg = Release|Any CPU
		{8B2A139F-5C22-4634-81CE-468759F9070E}.Release|Any CPU.Build.0 = Release|Any CPU
		{522CD426-48EF-403D-8C4D-341546537E42}.Debug|Any CPU.ActiveCfg = Debug|Any CPU
		{522CD426-48EF-403D-8C4D-341546537E42}.Debug|Any CPU.Build.0 = Debug|Any CPU
		{522CD426-48EF-403D-8C4D-341546537E42}.Release|Any CPU.ActiveCfg = Release|Any CPU
		{522CD426-48EF-403D-8C4D-341546537E42}.Release|Any CPU.Build.0 = Release|Any CPU
		{6A6A95D9-00C4-431E-9E78-FFC47F141CC3}.Debug|Any CPU.ActiveCfg = Debug|Any CPU
		{6A6A95D9-00C4-431E-9E78-FFC47F141CC3}.Debug|Any CPU.Build.0 = Debug|Any CPU
		{6A6A95D9-00C4-431E-9E78-FFC47F141CC3}.Release|Any CPU.ActiveCfg = Release|Any CPU
		{6A6A95D9-00C4-431E-9E78-FFC47F141CC3}.Release|Any CPU.Build.0 = Release|Any CPU
		{1FD6ED61-6C95-4B88-98A4-EDB143945026}.Debug|Any CPU.ActiveCfg = Debug|Any CPU
		{1FD6ED61-6C95-4B88-98A4-EDB143945026}.Debug|Any CPU.Build.0 = Debug|Any CPU
		{1FD6ED61-6C95-4B88-98A4-EDB143945026}.Release|Any CPU.ActiveCfg = Release|Any CPU
		{1FD6ED61-6C95-4B88-98A4-EDB143945026}.Release|Any CPU.Build.0 = Release|Any CPU
	EndGlobalSection
	GlobalSection(NestedProjects) = preSolution
		{D156C521-7333-46D2-B0EF-D7FDC6080AC4} = {472F4699-63A0-4F77-BB76-54DE9453FE55}
		{0F069050-6616-41F5-B32F-7CA7047BAB8F} = {D156C521-7333-46D2-B0EF-D7FDC6080AC4}
		{024A665E-793D-4C57-BF38-460DFBD48994} = {0F069050-6616-41F5-B32F-7CA7047BAB8F}
		{EF21397B-DAFE-4744-9946-17B8DFB31A1D} = {0F069050-6616-41F5-B32F-7CA7047BAB8F}
		{E53ED0A1-13CE-423B-8692-88976365A36A} = {D156C521-7333-46D2-B0EF-D7FDC6080AC4}
		{219F98E6-C07D-4724-9F8C-2E7D9D0714CE} = {E53ED0A1-13CE-423B-8692-88976365A36A}
		{C4C43A8F-EFD1-45F4-AB72-A4B134EF8834} = {D156C521-7333-46D2-B0EF-D7FDC6080AC4}
		{AE513295-B053-4AF4-9E25-ABFF845FCEF9} = {C4C43A8F-EFD1-45F4-AB72-A4B134EF8834}
		{D5FD95B3-DD83-4521-9EB1-241913470D58} = {105DBB92-CED7-44FC-8C41-601E333F85FA}
		{4063D72D-DBF2-4A53-B144-96905AAAA091} = {D5FD95B3-DD83-4521-9EB1-241913470D58}
		{8B2A139F-5C22-4634-81CE-468759F9070E} = {4063D72D-DBF2-4A53-B144-96905AAAA091}
		{522CD426-48EF-403D-8C4D-341546537E42} = {4063D72D-DBF2-4A53-B144-96905AAAA091}
		{EE835F67-D78A-4156-9533-277DE5062870} = {D5FD95B3-DD83-4521-9EB1-241913470D58}
		{6A6A95D9-00C4-431E-9E78-FFC47F141CC3} = {EE835F67-D78A-4156-9533-277DE5062870}
		{D7BEDDBE-056B-4685-AD82-F96AB7381A64} = {D5FD95B3-DD83-4521-9EB1-241913470D58}
		{1FD6ED61-6C95-4B88-98A4-EDB143945026} = {D7BEDDBE-056B-4685-AD82-F96AB7381A64}
	EndGlobalSection
EndGlobal
